
Microsoft Visual Studio Solution File, Format Version 12.00
# Visual Studio 2012
VisualStudioVersion = 16.0.30717.126
MinimumVisualStudioVersion = 10.0.40219.1
Project("{F184B08F-C81C-45F6-A57F-5ABD9991F28F}") = "VisibleItemsSample", "VisibleItemsSample\VisibleItemsSample.vbproj", "{8807144F-2329-4464-9A4A-C8ABD474F7A7}"
EndProject
Global
	GlobalSection(SolutionConfigurationPlatforms) = preSolution
		Debug|Any CPU = Debug|Any CPU
		Release|Any CPU = Release|Any CPU
	EndGlobalSection
	GlobalSection(ProjectConfigurationPlatforms) = postSolution
		{8807144F-2329-4464-9A4A-C8ABD474F7A7}.Debug|Any CPU.ActiveCfg = Debug|Any CPU
		{8807144F-2329-4464-9A4A-C8ABD474F7A7}.Debug|Any CPU.Build.0 = Debug|Any CPU
		{8807144F-2329-4464-9A4A-C8ABD474F7A7}.Release|Any CPU.ActiveCfg = Release|Any CPU
		{8807144F-2329-4464-9A4A-C8ABD474F7A7}.Release|Any CPU.Build.0 = Release|Any CPU
	EndGlobalSection
	GlobalSection(SolutionProperties) = preSolution
		HideSolutionNode = FALSE
	EndGlobalSection
	GlobalSection(ExtensibilityGlobals) = postSolution
		SolutionGuid = {98EA036F-D7A6-4C89-8FA8-E7FFEE78B3FC}
	EndGlobalSection
EndGlobal
